
Microsoft Visual Studio Solution File, Format Version 12.00
# Visual Studio Version 17
VisualStudioVersion = 17.11.35312.102
MinimumVisualStudioVersion = 10.0.40219.1
Project("{FAE04EC0-301F-11D3-BF4B-00C04F79EFBC}") = "Store", "Store.csproj", "{12E7CA2E-F106-489D-A94D-E905202AEDA5}"
EndProject
Global
	GlobalSection(SolutionConfigurationPlatforms) = preSolution
		Debug|Any CPU = Debug|Any CPU
		Release|Any CPU = Release|Any CPU
	EndGlobalSection
	GlobalSection(ProjectConfigurationPlatforms) = postSolution
		{12E7CA2E-F106-489D-A94D-E905202AEDA5}.Debug|Any CPU.ActiveCfg = Debug|Any CPU
		{12E7CA2E-F106-489D-A94D-E905202AEDA5}.Debug|Any CPU.Build.0 = Debug|Any CPU
		{12E7CA2E-F106-489D-A94D-E905202AEDA5}.Release|Any CPU.ActiveCfg = Release|Any CPU
		{12E7CA2E-F106-489D-A94D-E905202AEDA5}.Release|Any CPU.Build.0 = Release|Any CPU
	EndGlobalSection
	GlobalSection(SolutionProperties) = preSolution
		HideSolutionNode = FALSE
	EndGlobalSection
	GlobalSection(ExtensibilityGlobals) = postSolution
		SolutionGuid = {41B2BDAD-031D-4C69-BD46-E5006DE9D201}
	EndGlobalSection
EndGlobal
